<Solution>
  <Project Path="src/TemporalCommunity.Aspire.Hosting/TemporalCommunity.Aspire.Hosting.csproj" />
  <Project Path="tests/TemporalCommunity.Aspire.Hosting.Tests/TemporalCommunity.Aspire.Hosting.Tests.csproj" />
  <Project Path="samples/SampleAppHost/SampleAppHost.csproj" />
  <Project Path="samples/SampleCloudAppHost/SampleCloudAppHost.csproj" />
  <Project Path="samples/SampleClient/SampleClient.csproj" />
  <Project Path="samples/SampleWorker/SampleWorker.csproj" />
  <Project Path="samples/SampleWorkflow/SampleWorkflow.csproj" />
</Solution>
